
Microsoft Visual Studio Solution File, Format Version 12.00
# Visual Studio Version 17
VisualStudioVersion = 17.0.32014.148
MinimumVisualStudioVersion = 10.0.40219.1
Project("{FAE04EC0-301F-11D3-BF4B-00C04F79EFBC}") = "BBBImageSaver", "BBBImageSaver.csproj", "{FDD88CE4-042D-4A09-B938-613ABDB10AE8}"
EndProject
Global
	GlobalSection(SolutionConfigurationPlatforms) = preSolution
		Debug|Any CPU = Debug|Any CPU
		Release|Any CPU = Release|Any CPU
	EndGlobalSection
	GlobalSection(ProjectConfigurationPlatforms) = postSolution
		{FDD88CE4-042D-4A09-B938-613ABDB10AE8}.Debug|Any CPU.ActiveCfg = Debug|Any CPU
		{FDD88CE4-042D-4A09-B938-613ABDB10AE8}.Debug|Any CPU.Build.0 = Debug|Any CPU
		{FDD88CE4-042D-4A09-B938-613ABDB10AE8}.Release|Any CPU.ActiveCfg = Release|Any CPU
		{FDD88CE4-042D-4A09-B938-613ABDB10AE8}.Release|Any CPU.Build.0 = Release|Any CPU
	EndGlobalSection
	GlobalSection(SolutionProperties) = preSolution
		HideSolutionNode = FALSE
	EndGlobalSection
	GlobalSection(ExtensibilityGlobals) = postSolution
		SolutionGuid = {4FE5E6F9-0125-43DB-9DC8-CE6E2B1340FF}
	EndGlobalSection
EndGlobal
